
Microsoft Visual Studio Solution File, Format Version 12.00
# Visual Studio Version 17
VisualStudioVersion = 17.4.33213.308
MinimumVisualStudioVersion = 10.0.40219.1
Project("{FAE04EC0-301F-11D3-BF4B-00C04F79EFBC}") = "SQLClientLibrary", "SQLClientLibrary\SQLClientLibrary.csproj", "{0A1AA84A-8864-48B2-A5B4-EB5251F5E6FF}"
EndProject
Project("{FAE04EC0-301F-11D3-BF4B-00C04F79EFBC}") = "SqlClientTest", "SqlClientTest\SqlClientTest.csproj", "{2559A140-3D7F-49C2-9CA4-683F7294CC6D}"
EndProject
Global
	GlobalSection(SolutionConfigurationPlatforms) = preSolution
		Debug|Any CPU = Debug|Any CPU
		Release|Any CPU = Release|Any CPU
	EndGlobalSection
	GlobalSection(ProjectConfigurationPlatforms) = postSolution
		{0A1AA84A-8864-48B2-A5B4-EB5251F5E6FF}.Debug|Any CPU.ActiveCfg = Debug|Any CPU
		{0A1AA84A-8864-48B2-A5B4-EB5251F5E6FF}.Debug|Any CPU.Build.0 = Debug|Any CPU
		{0A1AA84A-8864-48B2-A5B4-EB5251F5E6FF}.Release|Any CPU.ActiveCfg = Release|Any CPU
		{0A1AA84A-8864-48B2-A5B4-EB5251F5E6FF}.Release|Any CPU.Build.0 = Release|Any CPU
		{2559A140-3D7F-49C2-9CA4-683F7294CC6D}.Debug|Any CPU.ActiveCfg = Debug|Any CPU
		{2559A140-3D7F-49C2-9CA4-683F7294CC6D}.Debug|Any CPU.Build.0 = Debug|Any CPU
		{2559A140-3D7F-49C2-9CA4-683F7294CC6D}.Release|Any CPU.ActiveCfg = Release|Any CPU
		{2559A140-3D7F-49C2-9CA4-683F7294CC6D}.Release|Any CPU.Build.0 = Release|Any CPU
	EndGlobalSection
	GlobalSection(SolutionProperties) = preSolution
		HideSolutionNode = FALSE
	EndGlobalSection
	GlobalSection(ExtensibilityGlobals) = postSolution
		SolutionGuid = {7FA390F6-6824-4DCF-B9B9-AA498C0AAD11}
	EndGlobalSection
EndGlobal
